{
  "name": "@gerhobbelt/docdown",
  "version": "0.7.3-4",
  "lockfileVersion": 1,
  "requires": true,
  "dependencies": {
    "doctrine": {
      "version": "2.0.2",
      "resolved": "https://registry.npmjs.org/doctrine/-/doctrine-2.0.2.tgz",
      "integrity": "sha512-y0tm5Pq6ywp3qSTZ1vPgVdAnbDEoeoc5wlOHXoY1c4Wug/a7JvqHIl7BTvwodaHmejWkK/9dSb3sCYfyo/om8A==",
      "requires": {
        "esutils": "2.0.2"
      }
    },
    "esutils": {
      "version": "2.0.2",
      "resolved": "https://registry.npmjs.org/esutils/-/esutils-2.0.2.tgz",
      "integrity": "sha1-Cr9PHKpbyx96nYrMbepPqqBLrJs="
    },
    "lodash": {
      "version": "4.17.4",
      "resolved": "https://registry.npmjs.org/lodash/-/lodash-4.17.4.tgz",
      "integrity": "sha1-eCA6TRwyiuHYbcpkYONptX9AVa4="
    }
  }
}
